
Microsoft Visual Studio Solution File, Format Version 12.00
# Visual Studio Version 16
VisualStudioVersion = 16.0.30413.136
MinimumVisualStudioVersion = 10.0.40219.1
Project("{FAE04EC0-301F-11D3-BF4B-00C04F79EFBC}") = "Didar", "Didar\Didar.csproj", "{0567F7CD-A4BB-45F5-A495-358F4DED4399}"
EndProject
Global
	GlobalSection(SolutionConfigurationPlatforms) = preSolution
		Debug|Any CPU = Debug|Any CPU
		Release|Any CPU = Release|Any CPU
	EndGlobalSection
	GlobalSection(ProjectConfigurationPlatforms) = postSolution
		{0567F7CD-A4BB-45F5-A495-358F4DED4399}.Debug|Any CPU.ActiveCfg = Debug|Any CPU
		{0567F7CD-A4BB-45F5-A495-358F4DED4399}.Debug|Any CPU.Build.0 = Debug|Any CPU
		{0567F7CD-A4BB-45F5-A495-358F4DED4399}.Release|Any CPU.ActiveCfg = Release|Any CPU
		{0567F7CD-A4BB-45F5-A495-358F4DED4399}.Release|Any CPU.Build.0 = Release|Any CPU
	EndGlobalSection
	GlobalSection(SolutionProperties) = preSolution
		HideSolutionNode = FALSE
	EndGlobalSection
	GlobalSection(ExtensibilityGlobals) = postSolution
		SolutionGuid = {23306889-BC77-4FE1-977E-E1090E051B62}
	EndGlobalSection
EndGlobal
